
Microsoft Visual Studio Solution File, Format Version 12.00
# Visual Studio 15
VisualStudioVersion = 15.0.28307.489
MinimumVisualStudioVersion = 10.0.40219.1
Project("{FAE04EC0-301F-11D3-BF4B-00C04F79EFBC}") = "XLXSConverter", "XLXSConverter\XLXSConverter.csproj", "{E2BEC69D-3460-4382-B22E-7730D82F96A6}"
EndProject
Global
	GlobalSection(SolutionConfigurationPlatforms) = preSolution
		Debug|Any CPU = Debug|Any CPU
		Release|Any CPU = Release|Any CPU
	EndGlobalSection
	GlobalSection(ProjectConfigurationPlatforms) = postSolution
		{E2BEC69D-3460-4382-B22E-7730D82F96A6}.Debug|Any CPU.ActiveCfg = Debug|Any CPU
		{E2BEC69D-3460-4382-B22E-7730D82F96A6}.Debug|Any CPU.Build.0 = Debug|Any CPU
		{E2BEC69D-3460-4382-B22E-7730D82F96A6}.Release|Any CPU.ActiveCfg = Release|Any CPU
		{E2BEC69D-3460-4382-B22E-7730D82F96A6}.Release|Any CPU.Build.0 = Release|Any CPU
	EndGlobalSection
	GlobalSection(SolutionProperties) = preSolution
		HideSolutionNode = FALSE
	EndGlobalSection
	GlobalSection(ExtensibilityGlobals) = postSolution
		SolutionGuid = {BB1691BC-71AF-4905-A6EA-ED019F9EAFCF}
	EndGlobalSection
EndGlobal
